// !$*UTF8*$!
{
	archiveVersion = 1;
	classes = {
	};
	objectVersion = 56;
	objects = {

/* Begin PBXBuildFile section */
		C907B1422B9A00550069F808 /* CategoryTableViewController.swift in Sources */ = {isa = PBXBuildFile; fileRef = C907B1412B9A00550069F808 /* CategoryTableViewController.swift */; };
		C907B1442B9A00620069F808 /* MenuTableViewController.swift in Sources */ = {isa = PBXBuildFile; fileRef = C907B1432B9A00620069F808 /* MenuTableViewController.swift */; };
		C907B1462B9A006A0069F808 /* OrderTableViewController.swift in Sources */ = {isa = PBXBuildFile; fileRef = C907B1452B9A006A0069F808 /* OrderTableViewController.swift */; };
		C907B1482B9A02390069F808 /* MenuItemDetailViewController.swift in Sources */ = {isa = PBXBuildFile; fileRef = C907B1472B9A02390069F808 /* MenuItemDetailViewController.swift */; };
		C907B14A2B9A02AA0069F808 /* MenuItem.swift in Sources */ = {isa = PBXBuildFile; fileRef = C907B1492B9A02AA0069F808 /* MenuItem.swift */; };
		C907B14C2B9A06110069F808 /* ResponseModels.swift in Sources */ = {isa = PBXBuildFile; fileRef = C907B14B2B9A06110069F808 /* ResponseModels.swift */; };
		C907B14E2B9A07300069F808 /* Order.swift in Sources */ = {isa = PBXBuildFile; fileRef = C907B14D2B9A07300069F808 /* Order.swift */; };
		C907B1502B9AC66E0069F808 /* MenuController.swift in Sources */ = {isa = PBXBuildFile; fileRef = C907B14F2B9AC66E0069F808 /* MenuController.swift */; };
		C93288452B99FC6B001C11C7 /* AppDelegate.swift in Sources */ = {isa = PBXBuildFile; fileRef = C93288442B99FC6B001C11C7 /* AppDelegate.swift */; };
		C93288472B99FC6B001C11C7 /* SceneDelegate.swift in Sources */ = {isa = PBXBuildFile; fileRef = C93288462B99FC6B001C11C7 /* SceneDelegate.swift */; };
		C932884C2B99FC6B001C11C7 /* Base in Resources */ = {isa = PBXBuildFile; fileRef = C932884B2B99FC6B001C11C7 /* Base */; };
		C932884E2B99FC6D001C11C7 /* Assets.xcassets in Resources */ = {isa = PBXBuildFile; fileRef = C932884D2B99FC6D001C11C7 /* Assets.xcassets */; };
		C93288512B99FC6D001C11C7 /* Base in Resources */ = {isa = PBXBuildFile; fileRef = C93288502B99FC6D001C11C7 /* Base */; };
/* End PBXBuildFile section */

/* Begin PBXFileReference section */
		C907B1412B9A00550069F808 /* CategoryTableViewController.swift */ = {isa = PBXFileReference; lastKnownFileType = sourcecode.swift; path = CategoryTableViewController.swift; sourceTree = "<group>"; };
		C907B1432B9A00620069F808 /* MenuTableViewController.swift */ = {isa = PBXFileReference; lastKnownFileType = sourcecode.swift; path = MenuTableViewController.swift; sourceTree = "<group>"; };
		C907B1452B9A006A0069F808 /* OrderTableViewController.swift */ = {isa = PBXFileReference; lastKnownFileType = sourcecode.swift; path = OrderTableViewController.swift; sourceTree = "<group>"; };
		C907B1472B9A02390069F808 /* MenuItemDetailViewController.swift */ = {isa = PBXFileReference; lastKnownFileType = sourcecode.swift; path = MenuItemDetailViewController.swift; sourceTree = "<group>"; };
		C907B1492B9A02AA0069F808 /* MenuItem.swift */ = {isa = PBXFileReference; lastKnownFileType = sourcecode.swift; path = MenuItem.swift; sourceTree = "<group>"; };
		C907B14B2B9A06110069F808 /* ResponseModels.swift */ = {isa = PBXFileReference; lastKnownFileType = sourcecode.swift; path = ResponseModels.swift; sourceTree = "<group>"; };
		C907B14D2B9A07300069F808 /* Order.swift */ = {isa = PBXFileReference; lastKnownFileType = sourcecode.swift; path = Order.swift; sourceTree = "<group>"; };
		C907B14F2B9AC66E0069F808 /* MenuController.swift */ = {isa = PBXFileReference; lastKnownFileType = sourcecode.swift; path = MenuController.swift; sourceTree = "<group>"; };
		C93288412B99FC6B001C11C7 /* OrderApp.app */ = {isa = PBXFileReference; explicitFileType = wrapper.application; includeInIndex = 0; path = OrderApp.app; sourceTree = BUILT_PRODUCTS_DIR; };
		C93288442B99FC6B001C11C7 /* AppDelegate.swift */ = {isa = PBXFileReference; lastKnownFileType = sourcecode.swift; path = AppDelegate.swift; sourceTree = "<group>"; };
		C93288462B99FC6B001C11C7 /* SceneDelegate.swift */ = {isa = PBXFileReference; lastKnownFileType = sourcecode.swift; path = SceneDelegate.swift; sourceTree = "<group>"; };
		C932884B2B99FC6B001C11C7 /* Base */ = {isa = PBXFileReference; lastKnownFileType = file.storyboard; name = Base; path = Base.lproj/Main.storyboard; sourceTree = "<group>"; };
		C932884D2B99FC6D001C11C7 /* Assets.xcassets */ = {isa = PBXFileReference; lastKnownFileType = folder.assetcatalog; path = Assets.xcassets; sourceTree = "<group>"; };
		C93288502B99FC6D001C11C7 /* Base */ = {isa = PBXFileReference; lastKnownFileType = file.storyboard; name = Base; path = Base.lproj/LaunchScreen.storyboard; sourceTree = "<group>"; };
		C93288522B99FC6D001C11C7 /* Info.plist */ = {isa = PBXFileReference; lastKnownFileType = text.plist.xml; path = Info.plist; sourceTree = "<group>"; };
/* End PBXFileReference section */

/* Begin PBXFrameworksBuildPhase section */
		C932883E2B99FC6B001C11C7 /* Frameworks */ = {
			isa = PBXFrameworksBuildPhase;
			buildActionMask = 2147483647;
			files = (
			);
			runOnlyForDeploymentPostprocessing = 0;
		};
/* End PBXFrameworksBuildPhase section */

/* Begin PBXGroup section */
		C93288382B99FC6B001C11C7 = {
			isa = PBXGroup;
			children = (
				C93288432B99FC6B001C11C7 /* OrderApp */,
				C93288422B99FC6B001C11C7 /* Products */,
			);
			sourceTree = "<group>";
		};
		C93288422B99FC6B001C11C7 /* Products */ = {
			isa = PBXGroup;
			children = (
				C93288412B99FC6B001C11C7 /* OrderApp.app */,
			);
			name = Products;
			sourceTree = "<group>";
		};
		C93288432B99FC6B001C11C7 /* OrderApp */ = {
			isa = PBXGroup;
			children = (
				C93288442B99FC6B001C11C7 /* AppDelegate.swift */,
				C93288462B99FC6B001C11C7 /* SceneDelegate.swift */,
				C932884A2B99FC6B001C11C7 /* Main.storyboard */,
				C907B1492B9A02AA0069F808 /* MenuItem.swift */,
				C907B14B2B9A06110069F808 /* ResponseModels.swift */,
				C907B14F2B9AC66E0069F808 /* MenuController.swift */,
				C907B14D2B9A07300069F808 /* Order.swift */,
				C907B1472B9A02390069F808 /* MenuItemDetailViewController.swift */,
				C907B1412B9A00550069F808 /* CategoryTableViewController.swift */,
				C907B1432B9A00620069F808 /* MenuTableViewController.swift */,
				C907B1452B9A006A0069F808 /* OrderTableViewController.swift */,
				C932884D2B99FC6D001C11C7 /* Assets.xcassets */,
				C932884F2B99FC6D001C11C7 /* LaunchScreen.storyboard */,
				C93288522B99FC6D001C11C7 /* Info.plist */,
			);
			path = OrderApp;
			sourceTree = "<group>";
		};
/* End PBXGroup section */

/* Begin PBXNativeTarget section */
		C93288402B99FC6B001C11C7 /* OrderApp */ = {
			isa = PBXNativeTarget;
			buildConfigurationList = C93288552B99FC6D001C11C7 /* Build configuration list for PBXNativeTarget "OrderApp" */;
			buildPhases = (
				C932883D2B99FC6B001C11C7 /* Sources */,
				C932883E2B99FC6B001C11C7 /* Frameworks */,
				C932883F2B99FC6B001C11C7 /* Resources */,
			);
			buildRules = (
			);
			dependencies = (
			);
			name = OrderApp;
			productName = OrderApp;
			productReference = C93288412B99FC6B001C11C7 /* OrderApp.app */;
			productType = "com.apple.product-type.application";
		};
/* End PBXNativeTarget section */

/* Begin PBXProject section */
		C93288392B99FC6B001C11C7 /* Project object */ = {
			isa = PBXProject;
			attributes = {
				BuildIndependentTargetsInParallel = 1;
				LastSwiftUpdateCheck = 1530;
				LastUpgradeCheck = 1530;
				TargetAttributes = {
					C93288402B99FC6B001C11C7 = {
						CreatedOnToolsVersion = 15.3;
					};
				};
			};
			buildConfigurationList = C932883C2B99FC6B001C11C7 /* Build configuration list for PBXProject "OrderApp" */;
			compatibilityVersion = "Xcode 14.0";
			developmentRegion = en;
			hasScannedForEncodings = 0;
			knownRegions = (
				en,
				Base,
			);
			mainGroup = C93288382B99FC6B001C11C7;
			productRefGroup = C93288422B99FC6B001C11C7 /* Products */;
			projectDirPath = "";
			projectRoot = "";
			targets = (
				C93288402B99FC6B001C11C7 /* OrderApp */,
			);
		};
/* End PBXProject section */

/* Begin PBXResourcesBuildPhase section */
		C932883F2B99FC6B001C11C7 /* Resources */ = {
			isa = PBXResourcesBuildPhase;
			buildActionMask = 2147483647;
			files = (
				C932884E2B99FC6D001C11C7 /* Assets.xcassets in Resources */,
				C93288512B99FC6D001C11C7 /* Base in Resources */,
				C932884C2B99FC6B001C11C7 /* Base in Resources */,
			);
			runOnlyForDeploymentPostprocessing = 0;
		};
/* End PBXResourcesBuildPhase section */

/* Begin PBXSourcesBuildPhase section */
		C932883D2B99FC6B001C11C7 /* Sources */ = {
			isa = PBXSourcesBuildPhase;
			buildActionMask = 2147483647;
			files = (
				C907B1502B9AC66E0069F808 /* MenuController.swift in Sources */,
				C907B14A2B9A02AA0069F808 /* MenuItem.swift in Sources */,
				C907B1442B9A00620069F808 /* MenuTableViewController.swift in Sources */,
				C907B14C2B9A06110069F808 /* ResponseModels.swift in Sources */,
				C907B14E2B9A07300069F808 /* Order.swift in Sources */,
				C907B1482B9A02390069F808 /* MenuItemDetailViewController.swift in Sources */,
				C907B1462B9A006A0069F808 /* OrderTableViewController.swift in Sources */,
				C93288452B99FC6B001C11C7 /* AppDelegate.swift in Sources */,
				C93288472B99FC6B001C11C7 /* SceneDelegate.swift in Sources */,
				C907B1422B9A00550069F808 /* CategoryTableViewController.swift in Sources */,
			);
			runOnlyForDeploymentPostprocessing = 0;
		};
/* End PBXSourcesBuildPhase section */

/* Begin PBXVariantGroup section */
		C932884A2B99FC6B001C11C7 /* Main.storyboard */ = {
			isa = PBXVariantGroup;
			children = (
				C932884B2B99FC6B001C11C7 /* Base */,
			);
			name = Main.storyboard;
			sourceTree = "<group>";
		};
		C932884F2B99FC6D001C11C7 /* LaunchScreen.storyboard */ = {
			isa = PBXVariantGroup;
			children = (
				C93288502B99FC6D001C11C7 /* Base */,
			);
			name = LaunchScreen.storyboard;
			sourceTree = "<group>";
		};
/* End PBXVariantGroup section */

/* Begin XCBuildConfiguration section */
		C93288532B99FC6D001C11C7 /* Debug */ = {
			isa = XCBuildConfiguration;
			buildSettings = {
				ALWAYS_SEARCH_USER_PATHS = NO;
				ASSETCATALOG_COMPILER_GENERATE_SWIFT_ASSET_SYMBOL_EXTENSIONS = YES;
				CLANG_ANALYZER_NONNULL = YES;
				CLANG_ANALYZER_NUMBER_OBJECT_CONVERSION = YES_AGGRESSIVE;
				CLANG_CXX_LANGUAGE_STANDARD = "gnu++20";
				CLANG_ENABLE_MODULES = YES;
				CLANG_ENABLE_OBJC_ARC = YES;
				CLANG_ENABLE_OBJC_WEAK = YES;
				CLANG_WARN_BLOCK_CAPTURE_AUTORELEASING = YES;
				CLANG_WARN_BOOL_CONVERSION = YES;
				CLANG_WARN_COMMA = YES;
				CLANG_WARN_CONSTANT_CONVERSION = YES;
				CLANG_WARN_DEPRECATED_OBJC_IMPLEMENTATIONS = YES;
				CLANG_WARN_DIRECT_OBJC_ISA_USAGE = YES_ERROR;
				CLANG_WARN_DOCUMENTATION_COMMENTS = YES;
				CLANG_WARN_EMPTY_BODY = YES;
				CLANG_WARN_ENUM_CONVERSION = YES;
				CLANG_WARN_INFINITE_RECURSION = YES;
				CLANG_WARN_INT_CONVERSION = YES;
				CLANG_WARN_NON_LITERAL_NULL_CONVERSION = YES;
				CLANG_WARN_OBJC_IMPLICIT_RETAIN_SELF = YES;
				CLANG_WARN_OBJC_LITERAL_CONVERSION = YES;
				CLANG_WARN_OBJC_ROOT_CLASS = YES_ERROR;
				CLANG_WARN_QUOTED_INCLUDE_IN_FRAMEWORK_HEADER = YES;
				CLANG_WARN_RANGE_LOOP_ANALYSIS = YES;
				CLANG_WARN_STRICT_PROTOTYPES = YES;
				CLANG_WARN_SUSPICIOUS_MOVE = YES;
				CLANG_WARN_UNGUARDED_AVAILABILITY = YES_AGGRESSIVE;
				CLANG_WARN_UNREACHABLE_CODE = YES;
				CLANG_WARN__DUPLICATE_METHOD_MATCH = YES;
				COPY_PHASE_STRIP = NO;
				DEBUG_INFORMATION_FORMAT = dwarf;
				ENABLE_STRICT_OBJC_MSGSEND = YES;
				ENABLE_TESTABILITY = YES;
				ENABLE_USER_SCRIPT_SANDBOXING = YES;
				GCC_C_LANGUAGE_STANDARD = gnu17;
				GCC_DYNAMIC_NO_PIC = NO;
				GCC_NO_COMMON_BLOCKS = YES;
				GCC_OPTIMIZATION_LEVEL = 0;
				GCC_PREPROCESSOR_DEFINITIONS = (
					"DEBUG=1",
					"$(inherited)",
				);
				GCC_WARN_64_TO_32_BIT_CONVERSION = YES;
				GCC_WARN_ABOUT_RETURN_TYPE = YES_ERROR;
				GCC_WARN_UNDECLARED_SELECTOR = YES;
				GCC_WARN_UNINITIALIZED_AUTOS = YES_AGGRESSIVE;
				GCC_WARN_UNUSED_FUNCTION = YES;
				GCC_WARN_UNUSED_VARIABLE = YES;
				IPHONEOS_DEPLOYMENT_TARGET = 17.4;
				LOCALIZATION_PREFERS_STRING_CATALOGS = YES;
				MTL_ENABLE_DEBUG_INFO = INCLUDE_SOURCE;
				MTL_FAST_MATH = YES;
				ONLY_ACTIVE_ARCH = YES;
				SDKROOT = iphoneos;
				SWIFT_ACTIVE_COMPILATION_CONDITIONS = "DEBUG $(inherited)";
				SWIFT_OPTIMIZATION_LEVEL = "-Onone";
			};
			name = Debug;
		};
		C93288542B99FC6D001C11C7 /* Release */ = {
			isa = XCBuildConfiguration;
			buildSettings = {
				ALWAYS_SEARCH_USER_PATHS = NO;
				ASSETCATALOG_COMPILER_GENERATE_SWIFT_ASSET_SYMBOL_EXTENSIONS = YES;
				CLANG_ANALYZER_NONNULL = YES;
				CLANG_ANALYZER_NUMBER_OBJECT_CONVERSION = YES_AGGRESSIVE;
				CLANG_CXX_LANGUAGE_STANDARD = "gnu++20";
				CLANG_ENABLE_MODULES = YES;
				CLANG_ENABLE_OBJC_ARC = YES;
				CLANG_ENABLE_OBJC_WEAK = YES;
				CLANG_WARN_BLOCK_CAPTURE_AUTORELEASING = YES;
				CLANG_WARN_BOOL_CONVERSION = YES;
				CLANG_WARN_COMMA = YES;
				CLANG_WARN_CONSTANT_CONVERSION = YES;
				CLANG_WARN_DEPRECATED_OBJC_IMPLEMENTATIONS = YES;
				CLANG_WARN_DIRECT_OBJC_ISA_USAGE = YES_ERROR;
				CLANG_WARN_DOCUMENTATION_COMMENTS = YES;
				CLANG_WARN_EMPTY_BODY = YES;
				CLANG_WARN_ENUM_CONVERSION = YES;
				CLANG_WARN_INFINITE_RECURSION = YES;
				CLANG_WARN_INT_CONVERSION = YES;
				CLANG_WARN_NON_LITERAL_NULL_CONVERSION = YES;
				CLANG_WARN_OBJC_IMPLICIT_RETAIN_SELF = YES;
				CLANG_WARN_OBJC_LITERAL_CONVERSION = YES;
				CLANG_WARN_OBJC_ROOT_CLASS = YES_ERROR;
				CLANG_WARN_QUOTED_INCLUDE_IN_FRAMEWORK_HEADER = YES;
				CLANG_WARN_RANGE_LOOP_ANALYSIS = YES;
				CLANG_WARN_STRICT_PROTOTYPES = YES;
				CLANG_WARN_SUSPICIOUS_MOVE = YES;
				CLANG_WARN_UNGUARDED_AVAILABILITY = YES_AGGRESSIVE;
				CLANG_WARN_UNREACHABLE_CODE = YES;
				CLANG_WARN__DUPLICATE_METHOD_MATCH = YES;
				COPY_PHASE_STRIP = NO;
				DEBUG_INFORMATION_FORMAT = "dwarf-with-dsym";
				ENABLE_NS_ASSERTIONS = NO;
				ENABLE_STRICT_OBJC_MSGSEND = YES;
				ENABLE_USER_SCRIPT_SANDBOXING = YES;
				GCC_C_LANGUAGE_STANDARD = gnu17;
				GCC_NO_COMMON_BLOCKS = YES;
				GCC_WARN_64_TO_32_BIT_CONVERSION = YES;
				GCC_WARN_ABOUT_RETURN_TYPE = YES_ERROR;
				GCC_WARN_UNDECLARED_SELECTOR = YES;
				GCC_WARN_UNINITIALIZED_AUTOS = YES_AGGRESSIVE;
				GCC_WARN_UNUSED_FUNCTION = YES;
				GCC_WARN_UNUSED_VARIABLE = YES;
				IPHONEOS_DEPLOYMENT_TARGET = 17.4;
				LOCALIZATION_PREFERS_STRING_CATALOGS = YES;
				MTL_ENABLE_DEBUG_INFO = NO;
				MTL_FAST_MATH = YES;
				SDKROOT = iphoneos;
				SWIFT_COMPILATION_MODE = wholemodule;
				VALIDATE_PRODUCT = YES;
			};
			name = Release;
		};
		C93288562B99FC6D001C11C7 /* Debug */ = {
			isa = XCBuildConfiguration;
			buildSettings = {
				ASSETCATALOG_COMPILER_APPICON_NAME = AppIcon;
				ASSETCATALOG_COMPILER_GLOBAL_ACCENT_COLOR_NAME = AccentColor;
				CODE_SIGN_STYLE = Automatic;
				CURRENT_PROJECT_VERSION = 1;
				DEVELOPMENT_TEAM = YMLG3QVVWG;
				GENERATE_INFOPLIST_FILE = YES;
				INFOPLIST_FILE = OrderApp/Info.plist;
				INFOPLIST_KEY_UIApplicationSupportsIndirectInputEvents = YES;
				INFOPLIST_KEY_UILaunchStoryboardName = LaunchScreen;
				INFOPLIST_KEY_UIMainStoryboardFile = Main;
				INFOPLIST_KEY_UISupportedInterfaceOrientations_iPad = "UIInterfaceOrientationPortrait UIInterfaceOrientationPortraitUpsideDown UIInterfaceOrientationLandscapeLeft UIInterfaceOrientationLandscapeRight";
				INFOPLIST_KEY_UISupportedInterfaceOrientations_iPhone = "UIInterfaceOrientationPortrait UIInterfaceOrientationLandscapeLeft UIInterfaceOrientationLandscapeRight";
				LD_RUNPATH_SEARCH_PATHS = (
					"$(inherited)",
					"@executable_path/Frameworks",
				);
				MARKETING_VERSION = 1.0;
				PRODUCT_BUNDLE_IDENTIFIER = com.study.OrderApp;
				PRODUCT_NAME = "$(TARGET_NAME)";
				SWIFT_EMIT_LOC_STRINGS = YES;
				SWIFT_VERSION = 5.0;
				TARGETED_DEVICE_FAMILY = "1,2";
			};
			name = Debug;
		};
		C93288572B99FC6D001C11C7 /* Release */ = {
			isa = XCBuildConfiguration;
			buildSettings = {
				ASSETCATALOG_COMPILER_APPICON_NAME = AppIcon;
				ASSETCATALOG_COMPILER_GLOBAL_ACCENT_COLOR_NAME = AccentColor;
				CODE_SIGN_STYLE = Automatic;
				CURRENT_PROJECT_VERSION = 1;
				DEVELOPMENT_TEAM = YMLG3QVVWG;
				GENERATE_INFOPLIST_FILE = YES;
				INFOPLIST_FILE = OrderApp/Info.plist;
				INFOPLIST_KEY_UIApplicationSupportsIndirectInputEvents = YES;
				INFOPLIST_KEY_UILaunchStoryboardName = LaunchScreen;
				INFOPLIST_KEY_UIMainStoryboardFile = Main;
				INFOPLIST_KEY_UISupportedInterfaceOrientations_iPad = "UIInterfaceOrientationPortrait UIInterfaceOrientationPortraitUpsideDown UIInterfaceOrientationLandscapeLeft UIInterfaceOrientationLandscapeRight";
				INFOPLIST_KEY_UISupportedInterfaceOrientations_iPhone = "UIInterfaceOrientationPortrait UIInterfaceOrientationLandscapeLeft UIInterfaceOrientationLandscapeRight";
				LD_RUNPATH_SEARCH_PATHS = (
					"$(inherited)",
					"@executable_path/Frameworks",
				);
				MARKETING_VERSION = 1.0;
				PRODUCT_BUNDLE_IDENTIFIER = com.study.OrderApp;
				PRODUCT_NAME = "$(TARGET_NAME)";
				SWIFT_EMIT_LOC_STRINGS = YES;
				SWIFT_VERSION = 5.0;
				TARGETED_DEVICE_FAMILY = "1,2";
			};
			name = Release;
		};
/* End XCBuildConfiguration section */

/* Begin XCConfigurationList section */
		C932883C2B99FC6B001C11C7 /* Build configuration list for PBXProject "OrderApp" */ = {
			isa = XCConfigurationList;
			buildConfigurations = (
				C93288532B99FC6D001C11C7 /* Debug */,
				C93288542B99FC6D001C11C7 /* Release */,
			);
			defaultConfigurationIsVisible = 0;
			defaultConfigurationName = Release;
		};
		C93288552B99FC6D001C11C7 /* Build configuration list for PBXNativeTarget "OrderApp" */ = {
			isa = XCConfigurationList;
			buildConfigurations = (
				C93288562B99FC6D001C11C7 /* Debug */,
				C93288572B99FC6D001C11C7 /* Release */,
			);
			defaultConfigurationIsVisible = 0;
			defaultConfigurationName = Release;
		};
/* End XCConfigurationList section */
	};
	rootObject = C93288392B99FC6B001C11C7 /* Project object */;
}
